
Microsoft Visual Studio Solution File, Format Version 12.00
# Visual Studio Version 17
VisualStudioVersion = 17.3.32825.248
MinimumVisualStudioVersion = 10.0.40219.1
Project("{FAE04EC0-301F-11D3-BF4B-00C04F79EFBC}") = "Wood Pellets", "Wood Pellets.csproj", "{0434238B-6C41-49BF-8903-42F83C19CFAE}"
EndProject
Global
	GlobalSection(SolutionConfigurationPlatforms) = preSolution
		Debug|Any CPU = Debug|Any CPU
		Release|Any CPU = Release|Any CPU
	EndGlobalSection
	GlobalSection(ProjectConfigurationPlatforms) = postSolution
		{0434238B-6C41-49BF-8903-42F83C19CFAE}.Debug|Any CPU.ActiveCfg = Debug|Any CPU
		{0434238B-6C41-49BF-8903-42F83C19CFAE}.Debug|Any CPU.Build.0 = Debug|Any CPU
		{0434238B-6C41-49BF-8903-42F83C19CFAE}.Release|Any CPU.ActiveCfg = Release|Any CPU
		{0434238B-6C41-49BF-8903-42F83C19CFAE}.Release|Any CPU.Build.0 = Release|Any CPU
	EndGlobalSection
	GlobalSection(SolutionProperties) = preSolution
		HideSolutionNode = FALSE
	EndGlobalSection
	GlobalSection(ExtensibilityGlobals) = postSolution
		SolutionGuid = {2B9299F4-F26D-41B5-8C5B-15EC4C38FB2D}
	EndGlobalSection
EndGlobal
